
Microsoft Visual Studio Solution File, Format Version 12.00
# Visual Studio Version 16
VisualStudioVersion = 16.0.31729.503
MinimumVisualStudioVersion = 10.0.40219.1
Project("{FAE04EC0-301F-11D3-BF4B-00C04F79EFBC}") = "LightningChart", "src\LightningChart\LightningChart.csproj", "{74EA4834-8D9B-4759-84A2-AEB3089DA376}"
EndProject
Global
	GlobalSection(SolutionConfigurationPlatforms) = preSolution
		Debug|Any CPU = Debug|Any CPU
		Release|Any CPU = Release|Any CPU
	EndGlobalSection
	GlobalSection(ProjectConfigurationPlatforms) = postSolution
		{74EA4834-8D9B-4759-84A2-AEB3089DA376}.Debug|Any CPU.ActiveCfg = Debug|Any CPU
		{74EA4834-8D9B-4759-84A2-AEB3089DA376}.Debug|Any CPU.Build.0 = Debug|Any CPU
		{74EA4834-8D9B-4759-84A2-AEB3089DA376}.Release|Any CPU.ActiveCfg = Release|Any CPU
		{74EA4834-8D9B-4759-84A2-AEB3089DA376}.Release|Any CPU.Build.0 = Release|Any CPU
	EndGlobalSection
	GlobalSection(SolutionProperties) = preSolution
		HideSolutionNode = FALSE
	EndGlobalSection
	GlobalSection(ExtensibilityGlobals) = postSolution
		SolutionGuid = {2A21A69F-E491-4A7A-B392-3CC7F112D8E6}
	EndGlobalSection
EndGlobal
